version = 1
revision = 3
requires-python = ">=3.13"

[manifest]
members = [
    "datagen",
    "dtheinfra",
]

[[package]]
name = "datagen"
version = "0.1.0"
source = { virtual = "platform/datagen" }
dependencies = [
    { name = "mimesis" },
]

[package.metadata]
requires-dist = [{ name = "mimesis", specifier = ">=19.0.0" }]

[[package]]
name = "dtheinfra"
version = "0.1.0"
source = { virtual = "." }

[[package]]
name = "mimesis"
version = "19.0.0"
source = { registry = "https://pypi.org/simple" }
sdist = { url = "https://files.pythonhosted.org/packages/15/34/8db1197f8313db223ae98b37cfe2aca6a90a100ce23c9e3736e50e0b2e2a/mimesis-19.0.0.tar.gz", hash = "sha256:63506622966a377757118408157e9c6f8f6ae1745a978207f6db516bb48c021c", size = 18246138, upload-time = "2025-12-28T11:29:14.088Z" }
wheels = [
    { url = "https://files.pythonhosted.org/packages/71/81/576a8771e6f7ecdbeb2164252dab34507676448042ed8ef7cb5f4c38bacc/mimesis-19.0.0-py3-none-any.whl", hash = "sha256:fee245b710f69fcca2ceb2124e2235476ea5648c3aa9829da85685ec3f8f4f46", size = 4461210, upload-time = "2025-12-28T11:29:11.91Z" },
]
